
Microsoft Visual Studio Solution File, Format Version 12.00
# Visual Studio 2013
VisualStudioVersion = 12.0.30723.0
MinimumVisualStudioVersion = 10.0.40219.1
Project("{FAE04EC0-301F-11D3-BF4B-00C04F79EFBC}") = "WFEditDMP", "WFEditDMP.csproj", "{8AD574E3-9DB5-470F-B787-EA924481DEEB}"
EndProject
Global
	GlobalSection(SolutionConfigurationPlatforms) = preSolution
		Debug|Any CPU = Debug|Any CPU
		Release|Any CPU = Release|Any CPU
	EndGlobalSection
	GlobalSection(ProjectConfigurationPlatforms) = postSolution
		{8AD574E3-9DB5-470F-B787-EA924481DEEB}.Debug|Any CPU.ActiveCfg = Debug|Any CPU
		{8AD574E3-9DB5-470F-B787-EA924481DEEB}.Debug|Any CPU.Build.0 = Debug|Any CPU
		{8AD574E3-9DB5-470F-B787-EA924481DEEB}.Release|Any CPU.ActiveCfg = Release|Any CPU
		{8AD574E3-9DB5-470F-B787-EA924481DEEB}.Release|Any CPU.Build.0 = Release|Any CPU
	EndGlobalSection
	GlobalSection(SolutionProperties) = preSolution
		HideSolutionNode = FALSE
	EndGlobalSection
EndGlobal
